// !$*UTF8*$!
{
	archiveVersion = 1;
	classes = {
	};
	objectVersion = 50;
	objects = {

/* Begin PBXBuildFile section */
		502FEF37230E73A7009711B8 /* Pub.swift in Sources */ = {isa = PBXBuildFile; fileRef = 502FEF36230E73A7009711B8 /* Pub.swift */; };
		502FEF39230E7A75009711B8 /* Beers.swift in Sources */ = {isa = PBXBuildFile; fileRef = 502FEF38230E7A75009711B8 /* Beers.swift */; };
		502FEF3B230E7E30009711B8 /* BeerCell.xib in Resources */ = {isa = PBXBuildFile; fileRef = 502FEF3A230E7E30009711B8 /* BeerCell.xib */; };
		502FEF3D230E7FB6009711B8 /* BeerCell.swift in Sources */ = {isa = PBXBuildFile; fileRef = 502FEF3C230E7FB6009711B8 /* BeerCell.swift */; };
		506D8AD5230E6B60002D2442 /* AppDelegate.swift in Sources */ = {isa = PBXBuildFile; fileRef = 506D8AD4230E6B60002D2442 /* AppDelegate.swift */; };
		506D8AD7230E6B60002D2442 /* ViewController.swift in Sources */ = {isa = PBXBuildFile; fileRef = 506D8AD6230E6B60002D2442 /* ViewController.swift */; };
		506D8ADA230E6B60002D2442 /* Main.storyboard in Resources */ = {isa = PBXBuildFile; fileRef = 506D8AD8230E6B60002D2442 /* Main.storyboard */; };
		506D8ADC230E6B61002D2442 /* Assets.xcassets in Resources */ = {isa = PBXBuildFile; fileRef = 506D8ADB230E6B61002D2442 /* Assets.xcassets */; };
		506D8ADF230E6B61002D2442 /* LaunchScreen.storyboard in Resources */ = {isa = PBXBuildFile; fileRef = 506D8ADD230E6B61002D2442 /* LaunchScreen.storyboard */; };
		506D8AE8230E6B7B002D2442 /* API.swift in Sources */ = {isa = PBXBuildFile; fileRef = 506D8AE7230E6B7B002D2442 /* API.swift */; };
/* End PBXBuildFile section */

/* Begin PBXFileReference section */
		502FEF36230E73A7009711B8 /* Pub.swift */ = {isa = PBXFileReference; lastKnownFileType = sourcecode.swift; path = Pub.swift; sourceTree = "<group>"; };
		502FEF38230E7A75009711B8 /* Beers.swift */ = {isa = PBXFileReference; lastKnownFileType = sourcecode.swift; path = Beers.swift; sourceTree = "<group>"; };
		502FEF3A230E7E30009711B8 /* BeerCell.xib */ = {isa = PBXFileReference; lastKnownFileType = file.xib; path = BeerCell.xib; sourceTree = "<group>"; };
		502FEF3C230E7FB6009711B8 /* BeerCell.swift */ = {isa = PBXFileReference; lastKnownFileType = sourcecode.swift; path = BeerCell.swift; sourceTree = "<group>"; };
		506D8AD1230E6B60002D2442 /* CodeChallenge11App.app */ = {isa = PBXFileReference; explicitFileType = wrapper.application; includeInIndex = 0; path = CodeChallenge11App.app; sourceTree = BUILT_PRODUCTS_DIR; };
		506D8AD4230E6B60002D2442 /* AppDelegate.swift */ = {isa = PBXFileReference; lastKnownFileType = sourcecode.swift; path = AppDelegate.swift; sourceTree = "<group>"; };
		506D8AD6230E6B60002D2442 /* ViewController.swift */ = {isa = PBXFileReference; lastKnownFileType = sourcecode.swift; path = ViewController.swift; sourceTree = "<group>"; };
		506D8AD9230E6B60002D2442 /* Base */ = {isa = PBXFileReference; lastKnownFileType = file.storyboard; name = Base; path = Base.lproj/Main.storyboard; sourceTree = "<group>"; };
		506D8ADB230E6B61002D2442 /* Assets.xcassets */ = {isa = PBXFileReference; lastKnownFileType = folder.assetcatalog; path = Assets.xcassets; sourceTree = "<group>"; };
		506D8ADE230E6B61002D2442 /* Base */ = {isa = PBXFileReference; lastKnownFileType = file.storyboard; name = Base; path = Base.lproj/LaunchScreen.storyboard; sourceTree = "<group>"; };
		506D8AE0230E6B61002D2442 /* Info.plist */ = {isa = PBXFileReference; lastKnownFileType = text.plist.xml; path = Info.plist; sourceTree = "<group>"; };
		506D8AE7230E6B7B002D2442 /* API.swift */ = {isa = PBXFileReference; lastKnownFileType = sourcecode.swift; path = API.swift; sourceTree = "<group>"; };
/* End PBXFileReference section */

/* Begin PBXFrameworksBuildPhase section */
		506D8ACE230E6B60002D2442 /* Frameworks */ = {
			isa = PBXFrameworksBuildPhase;
			buildActionMask = 2147483647;
			files = (
			);
			runOnlyForDeploymentPostprocessing = 0;
		};
/* End PBXFrameworksBuildPhase section */

/* Begin PBXGroup section */
		506D8AC8230E6B60002D2442 = {
			isa = PBXGroup;
			children = (
				506D8AD3230E6B60002D2442 /* CodeChallenge11App */,
				506D8AD2230E6B60002D2442 /* Products */,
			);
			sourceTree = "<group>";
		};
		506D8AD2230E6B60002D2442 /* Products */ = {
			isa = PBXGroup;
			children = (
				506D8AD1230E6B60002D2442 /* CodeChallenge11App.app */,
			);
			name = Products;
			sourceTree = "<group>";
		};
		506D8AD3230E6B60002D2442 /* CodeChallenge11App */ = {
			isa = PBXGroup;
			children = (
				506D8AE9230E6CB7002D2442 /* Cells */,
				506D8AE6230E6B6D002D2442 /* Types */,
				506D8AD4230E6B60002D2442 /* AppDelegate.swift */,
				506D8AD6230E6B60002D2442 /* ViewController.swift */,
				506D8AD8230E6B60002D2442 /* Main.storyboard */,
				506D8ADB230E6B61002D2442 /* Assets.xcassets */,
				506D8ADD230E6B61002D2442 /* LaunchScreen.storyboard */,
				506D8AE0230E6B61002D2442 /* Info.plist */,
			);
			path = CodeChallenge11App;
			sourceTree = "<group>";
		};
		506D8AE6230E6B6D002D2442 /* Types */ = {
			isa = PBXGroup;
			children = (
				506D8AE7230E6B7B002D2442 /* API.swift */,
				502FEF36230E73A7009711B8 /* Pub.swift */,
				502FEF38230E7A75009711B8 /* Beers.swift */,
			);
			path = Types;
			sourceTree = "<group>";
		};
		506D8AE9230E6CB7002D2442 /* Cells */ = {
			isa = PBXGroup;
			children = (
				502FEF3A230E7E30009711B8 /* BeerCell.xib */,
				502FEF3C230E7FB6009711B8 /* BeerCell.swift */,
			);
			path = Cells;
			sourceTree = "<group>";
		};
/* End PBXGroup section */

/* Begin PBXNativeTarget section */
		506D8AD0230E6B60002D2442 /* CodeChallenge11App */ = {
			isa = PBXNativeTarget;
			buildConfigurationList = 506D8AE3230E6B61002D2442 /* Build configuration list for PBXNativeTarget "CodeChallenge11App" */;
			buildPhases = (
				506D8ACD230E6B60002D2442 /* Sources */,
				506D8ACE230E6B60002D2442 /* Frameworks */,
				506D8ACF230E6B60002D2442 /* Resources */,
			);
			buildRules = (
			);
			dependencies = (
			);
			name = CodeChallenge11App;
			productName = CodeChallenge11App;
			productReference = 506D8AD1230E6B60002D2442 /* CodeChallenge11App.app */;
			productType = "com.apple.product-type.application";
		};
/* End PBXNativeTarget section */

/* Begin PBXProject section */
		506D8AC9230E6B60002D2442 /* Project object */ = {
			isa = PBXProject;
			attributes = {
				LastSwiftUpdateCheck = 1030;
				LastUpgradeCheck = 1030;
				ORGANIZATIONNAME = "John Lewis plc";
				TargetAttributes = {
					506D8AD0230E6B60002D2442 = {
						CreatedOnToolsVersion = 10.3;
					};
				};
			};
			buildConfigurationList = 506D8ACC230E6B60002D2442 /* Build configuration list for PBXProject "CodeChallenge11App" */;
			compatibilityVersion = "Xcode 9.3";
			developmentRegion = en;
			hasScannedForEncodings = 0;
			knownRegions = (
				en,
				Base,
			);
			mainGroup = 506D8AC8230E6B60002D2442;
			productRefGroup = 506D8AD2230E6B60002D2442 /* Products */;
			projectDirPath = "";
			projectRoot = "";
			targets = (
				506D8AD0230E6B60002D2442 /* CodeChallenge11App */,
			);
		};
/* End PBXProject section */

/* Begin PBXResourcesBuildPhase section */
		506D8ACF230E6B60002D2442 /* Resources */ = {
			isa = PBXResourcesBuildPhase;
			buildActionMask = 2147483647;
			files = (
				506D8ADF230E6B61002D2442 /* LaunchScreen.storyboard in Resources */,
				506D8ADC230E6B61002D2442 /* Assets.xcassets in Resources */,
				506D8ADA230E6B60002D2442 /* Main.storyboard in Resources */,
				502FEF3B230E7E30009711B8 /* BeerCell.xib in Resources */,
			);
			runOnlyForDeploymentPostprocessing = 0;
		};
/* End PBXResourcesBuildPhase section */

/* Begin PBXSourcesBuildPhase section */
		506D8ACD230E6B60002D2442 /* Sources */ = {
			isa = PBXSourcesBuildPhase;
			buildActionMask = 2147483647;
			files = (
				502FEF39230E7A75009711B8 /* Beers.swift in Sources */,
				506D8AD7230E6B60002D2442 /* ViewController.swift in Sources */,
				506D8AE8230E6B7B002D2442 /* API.swift in Sources */,
				502FEF3D230E7FB6009711B8 /* BeerCell.swift in Sources */,
				506D8AD5230E6B60002D2442 /* AppDelegate.swift in Sources */,
				502FEF37230E73A7009711B8 /* Pub.swift in Sources */,
			);
			runOnlyForDeploymentPostprocessing = 0;
		};
/* End PBXSourcesBuildPhase section */

/* Begin PBXVariantGroup section */
		506D8AD8230E6B60002D2442 /* Main.storyboard */ = {
			isa = PBXVariantGroup;
			children = (
				506D8AD9230E6B60002D2442 /* Base */,
			);
			name = Main.storyboard;
			sourceTree = "<group>";
		};
		506D8ADD230E6B61002D2442 /* LaunchScreen.storyboard */ = {
			isa = PBXVariantGroup;
			children = (
				506D8ADE230E6B61002D2442 /* Base */,
			);
			name = LaunchScreen.storyboard;
			sourceTree = "<group>";
		};
/* End PBXVariantGroup section */

/* Begin XCBuildConfiguration section */
		506D8AE1230E6B61002D2442 /* Debug */ = {
			isa = XCBuildConfiguration;
			buildSettings = {
				ALWAYS_SEARCH_USER_PATHS = NO;
				CLANG_ANALYZER_NONNULL = YES;
				CLANG_ANALYZER_NUMBER_OBJECT_CONVERSION = YES_AGGRESSIVE;
				CLANG_CXX_LANGUAGE_STANDARD = "gnu++14";
				CLANG_CXX_LIBRARY = "libc++";
				CLANG_ENABLE_MODULES = YES;
				CLANG_ENABLE_OBJC_ARC = YES;
				CLANG_ENABLE_OBJC_WEAK = YES;
				CLANG_WARN_BLOCK_CAPTURE_AUTORELEASING = YES;
				CLANG_WARN_BOOL_CONVERSION = YES;
				CLANG_WARN_COMMA = YES;
				CLANG_WARN_CONSTANT_CONVERSION = YES;
				CLANG_WARN_DEPRECATED_OBJC_IMPLEMENTATIONS = YES;
				CLANG_WARN_DIRECT_OBJC_ISA_USAGE = YES_ERROR;
				CLANG_WARN_DOCUMENTATION_COMMENTS = YES;
				CLANG_WARN_EMPTY_BODY = YES;
				CLANG_WARN_ENUM_CONVERSION = YES;
				CLANG_WARN_INFINITE_RECURSION = YES;
				CLANG_WARN_INT_CONVERSION = YES;
				CLANG_WARN_NON_LITERAL_NULL_CONVERSION = YES;
				CLANG_WARN_OBJC_IMPLICIT_RETAIN_SELF = YES;
				CLANG_WARN_OBJC_LITERAL_CONVERSION = YES;
				CLANG_WARN_OBJC_ROOT_CLASS = YES_ERROR;
				CLANG_WARN_RANGE_LOOP_ANALYSIS = YES;
				CLANG_WARN_STRICT_PROTOTYPES = YES;
				CLANG_WARN_SUSPICIOUS_MOVE = YES;
				CLANG_WARN_UNGUARDED_AVAILABILITY = YES_AGGRESSIVE;
				CLANG_WARN_UNREACHABLE_CODE = YES;
				CLANG_WARN__DUPLICATE_METHOD_MATCH = YES;
				CODE_SIGN_IDENTITY = "iPhone Developer";
				COPY_PHASE_STRIP = NO;
				DEBUG_INFORMATION_FORMAT = dwarf;
				ENABLE_STRICT_OBJC_MSGSEND = YES;
				ENABLE_TESTABILITY = YES;
				GCC_C_LANGUAGE_STANDARD = gnu11;
				GCC_DYNAMIC_NO_PIC = NO;
				GCC_NO_COMMON_BLOCKS = YES;
				GCC_OPTIMIZATION_LEVEL = 0;
				GCC_PREPROCESSOR_DEFINITIONS = (
					"DEBUG=1",
					"$(inherited)",
				);
				GCC_WARN_64_TO_32_BIT_CONVERSION = YES;
				GCC_WARN_ABOUT_RETURN_TYPE = YES_ERROR;
				GCC_WARN_UNDECLARED_SELECTOR = YES;
				GCC_WARN_UNINITIALIZED_AUTOS = YES_AGGRESSIVE;
				GCC_WARN_UNUSED_FUNCTION = YES;
				GCC_WARN_UNUSED_VARIABLE = YES;
				IPHONEOS_DEPLOYMENT_TARGET = 12.4;
				MTL_ENABLE_DEBUG_INFO = INCLUDE_SOURCE;
				MTL_FAST_MATH = YES;
				ONLY_ACTIVE_ARCH = YES;
				SDKROOT = iphoneos;
				SWIFT_ACTIVE_COMPILATION_CONDITIONS = DEBUG;
				SWIFT_OPTIMIZATION_LEVEL = "-Onone";
			};
			name = Debug;
		};
		506D8AE2230E6B61002D2442 /* Release */ = {
			isa = XCBuildConfiguration;
			buildSettings = {
				ALWAYS_SEARCH_USER_PATHS = NO;
				CLANG_ANALYZER_NONNULL = YES;
				CLANG_ANALYZER_NUMBER_OBJECT_CONVERSION = YES_AGGRESSIVE;
				CLANG_CXX_LANGUAGE_STANDARD = "gnu++14";
				CLANG_CXX_LIBRARY = "libc++";
				CLANG_ENABLE_MODULES = YES;
				CLANG_ENABLE_OBJC_ARC = YES;
				CLANG_ENABLE_OBJC_WEAK = YES;
				CLANG_WARN_BLOCK_CAPTURE_AUTORELEASING = YES;
				CLANG_WARN_BOOL_CONVERSION = YES;
				CLANG_WARN_COMMA = YES;
				CLANG_WARN_CONSTANT_CONVERSION = YES;
				CLANG_WARN_DEPRECATED_OBJC_IMPLEMENTATIONS = YES;
				CLANG_WARN_DIRECT_OBJC_ISA_USAGE = YES_ERROR;
				CLANG_WARN_DOCUMENTATION_COMMENTS = YES;
				CLANG_WARN_EMPTY_BODY = YES;
				CLANG_WARN_ENUM_CONVERSION = YES;
				CLANG_WARN_INFINITE_RECURSION = YES;
				CLANG_WARN_INT_CONVERSION = YES;
				CLANG_WARN_NON_LITERAL_NULL_CONVERSION = YES;
				CLANG_WARN_OBJC_IMPLICIT_RETAIN_SELF = YES;
				CLANG_WARN_OBJC_LITERAL_CONVERSION = YES;
				CLANG_WARN_OBJC_ROOT_CLASS = YES_ERROR;
				CLANG_WARN_RANGE_LOOP_ANALYSIS = YES;
				CLANG_WARN_STRICT_PROTOTYPES = YES;
				CLANG_WARN_SUSPICIOUS_MOVE = YES;
				CLANG_WARN_UNGUARDED_AVAILABILITY = YES_AGGRESSIVE;
				CLANG_WARN_UNREACHABLE_CODE = YES;
				CLANG_WARN__DUPLICATE_METHOD_MATCH = YES;
				CODE_SIGN_IDENTITY = "iPhone Developer";
				COPY_PHASE_STRIP = NO;
				DEBUG_INFORMATION_FORMAT = "dwarf-with-dsym";
				ENABLE_NS_ASSERTIONS = NO;
				ENABLE_STRICT_OBJC_MSGSEND = YES;
				GCC_C_LANGUAGE_STANDARD = gnu11;
				GCC_NO_COMMON_BLOCKS = YES;
				GCC_WARN_64_TO_32_BIT_CONVERSION = YES;
				GCC_WARN_ABOUT_RETURN_TYPE = YES_ERROR;
				GCC_WARN_UNDECLARED_SELECTOR = YES;
				GCC_WARN_UNINITIALIZED_AUTOS = YES_AGGRESSIVE;
				GCC_WARN_UNUSED_FUNCTION = YES;
				GCC_WARN_UNUSED_VARIABLE = YES;
				IPHONEOS_DEPLOYMENT_TARGET = 12.4;
				MTL_ENABLE_DEBUG_INFO = NO;
				MTL_FAST_MATH = YES;
				SDKROOT = iphoneos;
				SWIFT_COMPILATION_MODE = wholemodule;
				SWIFT_OPTIMIZATION_LEVEL = "-O";
				VALIDATE_PRODUCT = YES;
			};
			name = Release;
		};
		506D8AE4230E6B61002D2442 /* Debug */ = {
			isa = XCBuildConfiguration;
			buildSettings = {
				ASSETCATALOG_COMPILER_APPICON_NAME = AppIcon;
				CODE_SIGN_STYLE = Automatic;
				DEVELOPMENT_TEAM = 4677LHHJ5F;
				INFOPLIST_FILE = CodeChallenge11App/Info.plist;
				LD_RUNPATH_SEARCH_PATHS = (
					"$(inherited)",
					"@executable_path/Frameworks",
				);
				PRODUCT_BUNDLE_IDENTIFIER = com.johnlewis.CodeChallenge11App;
				PRODUCT_NAME = "$(TARGET_NAME)";
				SWIFT_VERSION = 5.0;
				TARGETED_DEVICE_FAMILY = "1,2";
			};
			name = Debug;
		};
		506D8AE5230E6B61002D2442 /* Release */ = {
			isa = XCBuildConfiguration;
			buildSettings = {
				ASSETCATALOG_COMPILER_APPICON_NAME = AppIcon;
				CODE_SIGN_STYLE = Automatic;
				DEVELOPMENT_TEAM = 4677LHHJ5F;
				INFOPLIST_FILE = CodeChallenge11App/Info.plist;
				LD_RUNPATH_SEARCH_PATHS = (
					"$(inherited)",
					"@executable_path/Frameworks",
				);
				PRODUCT_BUNDLE_IDENTIFIER = com.johnlewis.CodeChallenge11App;
				PRODUCT_NAME = "$(TARGET_NAME)";
				SWIFT_VERSION = 5.0;
				TARGETED_DEVICE_FAMILY = "1,2";
			};
			name = Release;
		};
/* End XCBuildConfiguration section */

/* Begin XCConfigurationList section */
		506D8ACC230E6B60002D2442 /* Build configuration list for PBXProject "CodeChallenge11App" */ = {
			isa = XCConfigurationList;
			buildConfigurations = (
				506D8AE1230E6B61002D2442 /* Debug */,
				506D8AE2230E6B61002D2442 /* Release */,
			);
			defaultConfigurationIsVisible = 0;
			defaultConfigurationName = Release;
		};
		506D8AE3230E6B61002D2442 /* Build configuration list for PBXNativeTarget "CodeChallenge11App" */ = {
			isa = XCConfigurationList;
			buildConfigurations = (
				506D8AE4230E6B61002D2442 /* Debug */,
				506D8AE5230E6B61002D2442 /* Release */,
			);
			defaultConfigurationIsVisible = 0;
			defaultConfigurationName = Release;
		};
/* End XCConfigurationList section */
	};
	rootObject = 506D8AC9230E6B60002D2442 /* Project object */;
}
